{
  "name": "@psu-online-education/storybook-wasm-server",
  "version": "1.0.0",
  "lockfileVersion": 3,
  "requires": true,
  "packages": {
    "": {
      "name": "@psu-online-education/storybook-wasm-server",
      "version": "1.0.0",
      "license": "ISC",
      "dependencies": {
        "@psu-online-education/heading": "^3.1.1"
      }
    },
    "node_modules/@psu-online-education/base": {
      "version": "3.0.1",
      "resolved": "https://npm.pkg.github.com/download/@psu-online-education/base/3.0.1/309d46700c49c03ff3dbd698cc8994e621840872",
      "integrity": "sha512-lyLXjVqsHez/yVmYg+o+xgyOZo+AxHrOzkOHKs2E4IetTZuBPDrT10dwkWY826T0lSefExfihx0+5varI4yhWg==",
      "dependencies": {
        "@psu-online-education/webfonts": "^2.0"
      }
    },
    "node_modules/@psu-online-education/heading": {
      "version": "3.1.1",
      "resolved": "https://npm.pkg.github.com/download/@psu-online-education/heading/3.1.1/11bacc4bc52c8d8b5ab8d01d853bee581d9e6ce5",
      "integrity": "sha512-g4+Kfhq85t9uJ2zUNOf7T/AaXt0yakWmKv+47k3693zRodBSt/2KluQ/9nFzBIqk09E6A06+k/GZ4742uQz+fg==",
      "dependencies": {
        "@psu-online-education/base": "^3.0"
      }
    },
    "node_modules/@psu-online-education/webfonts": {
      "version": "2.0.2",
      "resolved": "https://npm.pkg.github.com/download/@psu-online-education/webfonts/2.0.2/f54197491814ca7639a8c2f82fdad8109c945a87",
      "integrity": "sha512-YCC9X1uHBht6iVk3bGuWAGt6ZAaXBn2yOQpYYaARb86cXLQvCXIH+b8o5z4MTTNzIUPLIrCAJab0xcFGkM0/aw=="
    }
  }
}
